
Microsoft Visual Studio Solution File, Format Version 12.00
# Visual Studio Version 17
VisualStudioVersion = 17.5.33424.131
MinimumVisualStudioVersion = 10.0.40219.1
Project("{FAE04EC0-301F-11D3-BF4B-00C04F79EFBC}") = "StudentsFinanceSystem", "StudentsFinanceSystem\StudentsFinanceSystem.csproj", "{5E9B1D8F-917C-40A1-82FC-52BF96537740}"
EndProject
Global
	GlobalSection(SolutionConfigurationPlatforms) = preSolution
		Debug|Any CPU = Debug|Any CPU
		Release|Any CPU = Release|Any CPU
	EndGlobalSection
	GlobalSection(ProjectConfigurationPlatforms) = postSolution
		{5E9B1D8F-917C-40A1-82FC-52BF96537740}.Debug|Any CPU.ActiveCfg = Debug|Any CPU
		{5E9B1D8F-917C-40A1-82FC-52BF96537740}.Debug|Any CPU.Build.0 = Debug|Any CPU
		{5E9B1D8F-917C-40A1-82FC-52BF96537740}.Release|Any CPU.ActiveCfg = Release|Any CPU
		{5E9B1D8F-917C-40A1-82FC-52BF96537740}.Release|Any CPU.Build.0 = Release|Any CPU
	EndGlobalSection
	GlobalSection(SolutionProperties) = preSolution
		HideSolutionNode = FALSE
	EndGlobalSection
	GlobalSection(ExtensibilityGlobals) = postSolution
		SolutionGuid = {EF29C7FB-5BFB-4A9F-99C3-ABC06B363C7A}
	EndGlobalSection
EndGlobal
